
Microsoft Visual Studio Solution File, Format Version 12.00
# Visual Studio Version 17
VisualStudioVersion = 17.10.35122.118
MinimumVisualStudioVersion = 10.0.40219.1
Project("{9A19103F-16F7-4668-BE54-9A1E7A4F7556}") = "Exchange.ConsoleApp", "Console\Exchange.ConsoleApp.csproj", "{196E33BD-CFFD-4011-9BD6-3E3E0C44CBF6}"
	ProjectSection(ProjectDependencies) = postProject
		{16E90990-4368-44E6-B6E5-23FF15A47904} = {16E90990-4368-44E6-B6E5-23FF15A47904}
	EndProjectSection
EndProject
Project("{9A19103F-16F7-4668-BE54-9A1E7A4F7556}") = "Exchange.WebApi", "WebApi\Exchange.WebApi.csproj", "{7040501B-4E2E-4949-B3DD-8C13498E0008}"
	ProjectSection(ProjectDependencies) = postProject
		{16E90990-4368-44E6-B6E5-23FF15A47904} = {16E90990-4368-44E6-B6E5-23FF15A47904}
	EndProjectSection
EndProject
Project("{9A19103F-16F7-4668-BE54-9A1E7A4F7556}") = "Exchange.BL", "EchangeBL\Exchange.BL.csproj", "{16E90990-4368-44E6-B6E5-23FF15A47904}"
EndProject
Project("{9A19103F-16F7-4668-BE54-9A1E7A4F7556}") = "Exchange.Test", "Exchange.Test\Exchange.Test.csproj", "{46DF6B46-8B82-434D-89E9-5E2CEF4CC3A9}"
EndProject
Project("{2150E333-8FDC-42A3-9474-1A3956D46DE8}") = "Solution Items", "Solution Items", "{7C22329E-CA27-47D3-9907-E213C4CA5EBD}"
EndProject
Global
	GlobalSection(SolutionConfigurationPlatforms) = preSolution
		Debug|Any CPU = Debug|Any CPU
		Release|Any CPU = Release|Any CPU
	EndGlobalSection
	GlobalSection(ProjectConfigurationPlatforms) = postSolution
		{196E33BD-CFFD-4011-9BD6-3E3E0C44CBF6}.Debug|Any CPU.ActiveCfg = Debug|Any CPU
		{196E33BD-CFFD-4011-9BD6-3E3E0C44CBF6}.Debug|Any CPU.Build.0 = Debug|Any CPU
		{196E33BD-CFFD-4011-9BD6-3E3E0C44CBF6}.Release|Any CPU.ActiveCfg = Release|Any CPU
		{196E33BD-CFFD-4011-9BD6-3E3E0C44CBF6}.Release|Any CPU.Build.0 = Release|Any CPU
		{7040501B-4E2E-4949-B3DD-8C13498E0008}.Debug|Any CPU.ActiveCfg = Debug|Any CPU
		{7040501B-4E2E-4949-B3DD-8C13498E0008}.Debug|Any CPU.Build.0 = Debug|Any CPU
		{7040501B-4E2E-4949-B3DD-8C13498E0008}.Release|Any CPU.ActiveCfg = Release|Any CPU
		{7040501B-4E2E-4949-B3DD-8C13498E0008}.Release|Any CPU.Build.0 = Release|Any CPU
		{16E90990-4368-44E6-B6E5-23FF15A47904}.Debug|Any CPU.ActiveCfg = Debug|Any CPU
		{16E90990-4368-44E6-B6E5-23FF15A47904}.Debug|Any CPU.Build.0 = Debug|Any CPU
		{16E90990-4368-44E6-B6E5-23FF15A47904}.Release|Any CPU.ActiveCfg = Release|Any CPU
		{16E90990-4368-44E6-B6E5-23FF15A47904}.Release|Any CPU.Build.0 = Release|Any CPU
		{46DF6B46-8B82-434D-89E9-5E2CEF4CC3A9}.Debug|Any CPU.ActiveCfg = Debug|Any CPU
		{46DF6B46-8B82-434D-89E9-5E2CEF4CC3A9}.Debug|Any CPU.Build.0 = Debug|Any CPU
		{46DF6B46-8B82-434D-89E9-5E2CEF4CC3A9}.Release|Any CPU.ActiveCfg = Release|Any CPU
		{46DF6B46-8B82-434D-89E9-5E2CEF4CC3A9}.Release|Any CPU.Build.0 = Release|Any CPU
	EndGlobalSection
	GlobalSection(SolutionProperties) = preSolution
		HideSolutionNode = FALSE
	EndGlobalSection
	GlobalSection(ExtensibilityGlobals) = postSolution
		SolutionGuid = {B2BEBF5E-B4FF-4844-A716-ECC74FFDDA24}
	EndGlobalSection
EndGlobal
